###############################################################################
#   @author         :   Trent Stanton
#   @date           :   24/02/2018
#   @package        :   Front Door Lock
#   @description    :   ZWave Front Door Lock Automations
#   @url            :   
###############################################################################
homeassistant:
  customize:
    input_boolean.disable_autolock_front_door:
      icon: mdi:lock

input_boolean:
  disable_autolock_front_door:
    name: Disable Auto Lock Front Door
    initial: off
  
timer:
  front_door_lock:

###############################################################################
#                               Automations
###############################################################################
automation:
  - alias: Start Front Door Autolock Timer
    trigger:
      - platform: state
        entity_id: lock.front_door
        to: 'unlocked'
    action: 
      - service: timer.start
        entity_id: timer.front_door_lock
        data:
          duration: '00:30:00'

  - alias: Cancel Front Door Autolock Timer
    trigger:
      - platform: state
        entity_id: lock.front_door
        to: 'locked'
    action: 
      - service: timer.cancel
        entity_id: timer.front_door_lock

  - alias: Auto Lock Front Door
    trigger: 
      - platform: event
        event_type: timer.finished
        event_data: 
          entity_id: timer.front_door_lock
    condition:
      condition: and
      conditions:
      - condition: state
        entity_id: input_boolean.disable_autolock_front_door
        state: 'off'
      - condition: state
        entity_id: input_boolean.guest_mode
        state: 'off'
    action:
      - service: lock.lock
        entity_id: lock.front_door